
Microsoft Visual Studio Solution File, Format Version 12.00
# Visual Studio Version 17
VisualStudioVersion = 17.7.34221.43
MinimumVisualStudioVersion = 10.0.40219.1
Project("{FAE04EC0-301F-11D3-BF4B-00C04F79EFBC}") = "WFA-Lumbungku", "WFA-Lumbungku.csproj", "{0DACF209-D965-4418-959B-F06198C70027}"
EndProject
Global
	GlobalSection(SolutionConfigurationPlatforms) = preSolution
		Debug|Any CPU = Debug|Any CPU
		Release|Any CPU = Release|Any CPU
	EndGlobalSection
	GlobalSection(ProjectConfigurationPlatforms) = postSolution
		{0DACF209-D965-4418-959B-F06198C70027}.Debug|Any CPU.ActiveCfg = Debug|Any CPU
		{0DACF209-D965-4418-959B-F06198C70027}.Debug|Any CPU.Build.0 = Debug|Any CPU
		{0DACF209-D965-4418-959B-F06198C70027}.Release|Any CPU.ActiveCfg = Release|Any CPU
		{0DACF209-D965-4418-959B-F06198C70027}.Release|Any CPU.Build.0 = Release|Any CPU
	EndGlobalSection
	GlobalSection(SolutionProperties) = preSolution
		HideSolutionNode = FALSE
	EndGlobalSection
	GlobalSection(ExtensibilityGlobals) = postSolution
		SolutionGuid = {0AAFC0A6-1201-4E87-AA9C-C00BA75948D1}
	EndGlobalSection
EndGlobal
